
Microsoft Visual Studio Solution File, Format Version 12.00
# Visual Studio Version 17
VisualStudioVersion = 17.5.002.0
MinimumVisualStudioVersion = 10.0.40219.1
Project("{9A19103F-16F7-4668-BE54-9A1E7A4F7556}") = "AkademetreMVC", "AkademetreMVC.csproj", "{60BD5E80-50CA-48F5-8F16-B3210350D831}"
EndProject
Global
	GlobalSection(SolutionConfigurationPlatforms) = preSolution
		Debug|Any CPU = Debug|Any CPU
		Release|Any CPU = Release|Any CPU
	EndGlobalSection
	GlobalSection(ProjectConfigurationPlatforms) = postSolution
		{60BD5E80-50CA-48F5-8F16-B3210350D831}.Debug|Any CPU.ActiveCfg = Debug|Any CPU
		{60BD5E80-50CA-48F5-8F16-B3210350D831}.Debug|Any CPU.Build.0 = Debug|Any CPU
		{60BD5E80-50CA-48F5-8F16-B3210350D831}.Release|Any CPU.ActiveCfg = Release|Any CPU
		{60BD5E80-50CA-48F5-8F16-B3210350D831}.Release|Any CPU.Build.0 = Release|Any CPU
	EndGlobalSection
	GlobalSection(SolutionProperties) = preSolution
		HideSolutionNode = FALSE
	EndGlobalSection
	GlobalSection(ExtensibilityGlobals) = postSolution
		SolutionGuid = {CEC8C425-268E-4304-B97D-BF5D8337A193}
	EndGlobalSection
EndGlobal
